
Microsoft Visual Studio Solution File, Format Version 12.00
# Visual Studio 14
VisualStudioVersion = 14.0.24720.0
MinimumVisualStudioVersion = 10.0.40219.1
Project("{FAE04EC0-301F-11D3-BF4B-00C04F79EFBC}") = "OptionsWebSite", "OptionsWebSite\OptionsWebSite.csproj", "{5F9B204C-4BBD-4F56-B52E-28B332975C5D}"
EndProject
Project("{FAE04EC0-301F-11D3-BF4B-00C04F79EFBC}") = "DiplomaDataModel", "DiplomaDataModel\DiplomaDataModel.csproj", "{183D0153-844A-4A76-BAD3-BE82F91F7A3C}"
EndProject
Global
	GlobalSection(SolutionConfigurationPlatforms) = preSolution
		Debug|Any CPU = Debug|Any CPU
		Release|Any CPU = Release|Any CPU
	EndGlobalSection
	GlobalSection(ProjectConfigurationPlatforms) = postSolution
		{5F9B204C-4BBD-4F56-B52E-28B332975C5D}.Debug|Any CPU.ActiveCfg = Debug|Any CPU
		{5F9B204C-4BBD-4F56-B52E-28B332975C5D}.Debug|Any CPU.Build.0 = Debug|Any CPU
		{5F9B204C-4BBD-4F56-B52E-28B332975C5D}.Release|Any CPU.ActiveCfg = Release|Any CPU
		{5F9B204C-4BBD-4F56-B52E-28B332975C5D}.Release|Any CPU.Build.0 = Release|Any CPU
		{183D0153-844A-4A76-BAD3-BE82F91F7A3C}.Debug|Any CPU.ActiveCfg = Debug|Any CPU
		{183D0153-844A-4A76-BAD3-BE82F91F7A3C}.Debug|Any CPU.Build.0 = Debug|Any CPU
		{183D0153-844A-4A76-BAD3-BE82F91F7A3C}.Release|Any CPU.ActiveCfg = Release|Any CPU
		{183D0153-844A-4A76-BAD3-BE82F91F7A3C}.Release|Any CPU.Build.0 = Release|Any CPU
	EndGlobalSection
	GlobalSection(SolutionProperties) = preSolution
		HideSolutionNode = FALSE
	EndGlobalSection
EndGlobal
